
Microsoft Visual Studio Solution File, Format Version 12.00
# Visual Studio Version 17
VisualStudioVersion = 17.10.34916.146
MinimumVisualStudioVersion = 10.0.40219.1
Project("{FAE04EC0-301F-11D3-BF4B-00C04F79EFBC}") = "LibraryExample", "LibraryExample.csproj", "{37B4B367-291D-4536-BF6F-2AE5751FE0B1}"
EndProject
Global
	GlobalSection(SolutionConfigurationPlatforms) = preSolution
		Debug|Any CPU = Debug|Any CPU
		Release|Any CPU = Release|Any CPU
	EndGlobalSection
	GlobalSection(ProjectConfigurationPlatforms) = postSolution
		{37B4B367-291D-4536-BF6F-2AE5751FE0B1}.Debug|Any CPU.ActiveCfg = Debug|Any CPU
		{37B4B367-291D-4536-BF6F-2AE5751FE0B1}.Debug|Any CPU.Build.0 = Debug|Any CPU
		{37B4B367-291D-4536-BF6F-2AE5751FE0B1}.Release|Any CPU.ActiveCfg = Release|Any CPU
		{37B4B367-291D-4536-BF6F-2AE5751FE0B1}.Release|Any CPU.Build.0 = Release|Any CPU
	EndGlobalSection
	GlobalSection(SolutionProperties) = preSolution
		HideSolutionNode = FALSE
	EndGlobalSection
	GlobalSection(ExtensibilityGlobals) = postSolution
		SolutionGuid = {3FF4610B-9618-4414-BE86-16659CECC780}
	EndGlobalSection
EndGlobal
