
Microsoft Visual Studio Solution File, Format Version 12.00
# Visual Studio Version 17
VisualStudioVersion = 17.10.34916.146
MinimumVisualStudioVersion = 10.0.40219.1
Project("{FAE04EC0-301F-11D3-BF4B-00C04F79EFBC}") = "LibraryExample", "LibraryExample.csproj", "{09EF4FCB-760B-45CB-B766-AE23102C7562}"
EndProject
Global
	GlobalSection(SolutionConfigurationPlatforms) = preSolution
		Debug|Any CPU = Debug|Any CPU
		Release|Any CPU = Release|Any CPU
	EndGlobalSection
	GlobalSection(ProjectConfigurationPlatforms) = postSolution
		{09EF4FCB-760B-45CB-B766-AE23102C7562}.Debug|Any CPU.ActiveCfg = Debug|Any CPU
		{09EF4FCB-760B-45CB-B766-AE23102C7562}.Debug|Any CPU.Build.0 = Debug|Any CPU
		{09EF4FCB-760B-45CB-B766-AE23102C7562}.Release|Any CPU.ActiveCfg = Release|Any CPU
		{09EF4FCB-760B-45CB-B766-AE23102C7562}.Release|Any CPU.Build.0 = Release|Any CPU
	EndGlobalSection
	GlobalSection(SolutionProperties) = preSolution
		HideSolutionNode = FALSE
	EndGlobalSection
	GlobalSection(ExtensibilityGlobals) = postSolution
		SolutionGuid = {E87E79DF-D975-492B-BAF3-C06F5D29B396}
	EndGlobalSection
EndGlobal
